// !$*UTF8*$!
{
	archiveVersion = 1;
	classes = {
	};
	objectVersion = 56;
	objects = {

/* Begin PBXBuildFile section */
		929ACE542BDC2AB100190D4F /* AppDelegate.swift in Sources */ = {isa = PBXBuildFile; fileRef = 929ACE532BDC2AB100190D4F /* AppDelegate.swift */; };
		929ACE562BDC2AB100190D4F /* SceneDelegate.swift in Sources */ = {isa = PBXBuildFile; fileRef = 929ACE552BDC2AB100190D4F /* SceneDelegate.swift */; };
		929ACE582BDC2AB100190D4F /* BoxViewController.swift in Sources */ = {isa = PBXBuildFile; fileRef = 929ACE572BDC2AB100190D4F /* BoxViewController.swift */; };
		929ACE5D2BDC2AB400190D4F /* Assets.xcassets in Resources */ = {isa = PBXBuildFile; fileRef = 929ACE5C2BDC2AB400190D4F /* Assets.xcassets */; };
		929ACE602BDC2AB400190D4F /* LaunchScreen.storyboard in Resources */ = {isa = PBXBuildFile; fileRef = 929ACE5E2BDC2AB400190D4F /* LaunchScreen.storyboard */; };
		929ACE682BDC2B8700190D4F /* BoxView.swift in Sources */ = {isa = PBXBuildFile; fileRef = 929ACE672BDC2B8700190D4F /* BoxView.swift */; };
		929ACE6B2BDC49CA00190D4F /* Double.swift in Sources */ = {isa = PBXBuildFile; fileRef = 929ACE6A2BDC49CA00190D4F /* Double.swift */; };
		929ACE6D2BDC4B6E00190D4F /* Colors.xcassets in Resources */ = {isa = PBXBuildFile; fileRef = 929ACE6C2BDC4B6E00190D4F /* Colors.xcassets */; };
		929ACE6F2BDC4CD000190D4F /* UIColor.swift in Sources */ = {isa = PBXBuildFile; fileRef = 929ACE6E2BDC4CD000190D4F /* UIColor.swift */; };
		929ACE722BDC4E8F00190D4F /* PinLayout in Frameworks */ = {isa = PBXBuildFile; productRef = 929ACE712BDC4E8F00190D4F /* PinLayout */; };
		929ACE742BDC552A00190D4F /* UIView.swift in Sources */ = {isa = PBXBuildFile; fileRef = 929ACE732BDC552A00190D4F /* UIView.swift */; };
		929ACE762BDC5A5D00190D4F /* UIImage.swift in Sources */ = {isa = PBXBuildFile; fileRef = 929ACE752BDC5A5D00190D4F /* UIImage.swift */; };
		929ACE7B2BDC5F2400190D4F /* FontBuilder.swift in Sources */ = {isa = PBXBuildFile; fileRef = 929ACE7A2BDC5F2400190D4F /* FontBuilder.swift */; };
/* End PBXBuildFile section */

/* Begin PBXFileReference section */
		929ACE502BDC2AB100190D4F /* Animated Box.app */ = {isa = PBXFileReference; explicitFileType = wrapper.application; includeInIndex = 0; path = "Animated Box.app"; sourceTree = BUILT_PRODUCTS_DIR; };
		929ACE532BDC2AB100190D4F /* AppDelegate.swift */ = {isa = PBXFileReference; lastKnownFileType = sourcecode.swift; path = AppDelegate.swift; sourceTree = "<group>"; };
		929ACE552BDC2AB100190D4F /* SceneDelegate.swift */ = {isa = PBXFileReference; lastKnownFileType = sourcecode.swift; path = SceneDelegate.swift; sourceTree = "<group>"; };
		929ACE572BDC2AB100190D4F /* BoxViewController.swift */ = {isa = PBXFileReference; lastKnownFileType = sourcecode.swift; path = BoxViewController.swift; sourceTree = "<group>"; };
		929ACE5C2BDC2AB400190D4F /* Assets.xcassets */ = {isa = PBXFileReference; lastKnownFileType = folder.assetcatalog; path = Assets.xcassets; sourceTree = "<group>"; };
		929ACE5F2BDC2AB400190D4F /* Base */ = {isa = PBXFileReference; lastKnownFileType = file.storyboard; name = Base; path = Base.lproj/LaunchScreen.storyboard; sourceTree = "<group>"; };
		929ACE612BDC2AB400190D4F /* Info.plist */ = {isa = PBXFileReference; lastKnownFileType = text.plist.xml; path = Info.plist; sourceTree = "<group>"; };
		929ACE672BDC2B8700190D4F /* BoxView.swift */ = {isa = PBXFileReference; lastKnownFileType = sourcecode.swift; path = BoxView.swift; sourceTree = "<group>"; };
		929ACE6A2BDC49CA00190D4F /* Double.swift */ = {isa = PBXFileReference; lastKnownFileType = sourcecode.swift; path = Double.swift; sourceTree = "<group>"; };
		929ACE6C2BDC4B6E00190D4F /* Colors.xcassets */ = {isa = PBXFileReference; lastKnownFileType = folder.assetcatalog; path = Colors.xcassets; sourceTree = "<group>"; };
		929ACE6E2BDC4CD000190D4F /* UIColor.swift */ = {isa = PBXFileReference; lastKnownFileType = sourcecode.swift; path = UIColor.swift; sourceTree = "<group>"; };
		929ACE732BDC552A00190D4F /* UIView.swift */ = {isa = PBXFileReference; lastKnownFileType = sourcecode.swift; path = UIView.swift; sourceTree = "<group>"; };
		929ACE752BDC5A5D00190D4F /* UIImage.swift */ = {isa = PBXFileReference; lastKnownFileType = sourcecode.swift; path = UIImage.swift; sourceTree = "<group>"; };
		929ACE7A2BDC5F2400190D4F /* FontBuilder.swift */ = {isa = PBXFileReference; lastKnownFileType = sourcecode.swift; path = FontBuilder.swift; sourceTree = "<group>"; };
/* End PBXFileReference section */

/* Begin PBXFrameworksBuildPhase section */
		929ACE4D2BDC2AB100190D4F /* Frameworks */ = {
			isa = PBXFrameworksBuildPhase;
			buildActionMask = 2147483647;
			files = (
				929ACE722BDC4E8F00190D4F /* PinLayout in Frameworks */,
			);
			runOnlyForDeploymentPostprocessing = 0;
		};
/* End PBXFrameworksBuildPhase section */

/* Begin PBXGroup section */
		929ACE472BDC2AB100190D4F = {
			isa = PBXGroup;
			children = (
				929ACE522BDC2AB100190D4F /* Animated Box */,
				929ACE512BDC2AB100190D4F /* Products */,
			);
			sourceTree = "<group>";
		};
		929ACE512BDC2AB100190D4F /* Products */ = {
			isa = PBXGroup;
			children = (
				929ACE502BDC2AB100190D4F /* Animated Box.app */,
			);
			name = Products;
			sourceTree = "<group>";
		};
		929ACE522BDC2AB100190D4F /* Animated Box */ = {
			isa = PBXGroup;
			children = (
				929ACE792BDC5F0500190D4F /* Helpers */,
				929ACE692BDC496B00190D4F /* Extensions */,
				929ACE532BDC2AB100190D4F /* AppDelegate.swift */,
				929ACE552BDC2AB100190D4F /* SceneDelegate.swift */,
				929ACE572BDC2AB100190D4F /* BoxViewController.swift */,
				929ACE672BDC2B8700190D4F /* BoxView.swift */,
				929ACE6C2BDC4B6E00190D4F /* Colors.xcassets */,
				929ACE5C2BDC2AB400190D4F /* Assets.xcassets */,
				929ACE5E2BDC2AB400190D4F /* LaunchScreen.storyboard */,
				929ACE612BDC2AB400190D4F /* Info.plist */,
			);
			path = "Animated Box";
			sourceTree = "<group>";
		};
		929ACE692BDC496B00190D4F /* Extensions */ = {
			isa = PBXGroup;
			children = (
				929ACE6A2BDC49CA00190D4F /* Double.swift */,
				929ACE6E2BDC4CD000190D4F /* UIColor.swift */,
				929ACE732BDC552A00190D4F /* UIView.swift */,
				929ACE752BDC5A5D00190D4F /* UIImage.swift */,
			);
			path = Extensions;
			sourceTree = "<group>";
		};
		929ACE792BDC5F0500190D4F /* Helpers */ = {
			isa = PBXGroup;
			children = (
				929ACE7A2BDC5F2400190D4F /* FontBuilder.swift */,
			);
			path = Helpers;
			sourceTree = "<group>";
		};
/* End PBXGroup section */

/* Begin PBXNativeTarget section */
		929ACE4F2BDC2AB100190D4F /* Animated Box */ = {
			isa = PBXNativeTarget;
			buildConfigurationList = 929ACE642BDC2AB400190D4F /* Build configuration list for PBXNativeTarget "Animated Box" */;
			buildPhases = (
				929ACE4C2BDC2AB100190D4F /* Sources */,
				929ACE4D2BDC2AB100190D4F /* Frameworks */,
				929ACE4E2BDC2AB100190D4F /* Resources */,
			);
			buildRules = (
			);
			dependencies = (
			);
			name = "Animated Box";
			packageProductDependencies = (
				929ACE712BDC4E8F00190D4F /* PinLayout */,
			);
			productName = "Animated Box";
			productReference = 929ACE502BDC2AB100190D4F /* Animated Box.app */;
			productType = "com.apple.product-type.application";
		};
/* End PBXNativeTarget section */

/* Begin PBXProject section */
		929ACE482BDC2AB100190D4F /* Project object */ = {
			isa = PBXProject;
			attributes = {
				BuildIndependentTargetsInParallel = 1;
				LastSwiftUpdateCheck = 1520;
				LastUpgradeCheck = 1520;
				TargetAttributes = {
					929ACE4F2BDC2AB100190D4F = {
						CreatedOnToolsVersion = 15.2;
					};
				};
			};
			buildConfigurationList = 929ACE4B2BDC2AB100190D4F /* Build configuration list for PBXProject "Animated Box" */;
			compatibilityVersion = "Xcode 14.0";
			developmentRegion = en;
			hasScannedForEncodings = 0;
			knownRegions = (
				en,
				Base,
			);
			mainGroup = 929ACE472BDC2AB100190D4F;
			packageReferences = (
				929ACE702BDC4E8F00190D4F /* XCRemoteSwiftPackageReference "PinLayout" */,
			);
			productRefGroup = 929ACE512BDC2AB100190D4F /* Products */;
			projectDirPath = "";
			projectRoot = "";
			targets = (
				929ACE4F2BDC2AB100190D4F /* Animated Box */,
			);
		};
/* End PBXProject section */

/* Begin PBXResourcesBuildPhase section */
		929ACE4E2BDC2AB100190D4F /* Resources */ = {
			isa = PBXResourcesBuildPhase;
			buildActionMask = 2147483647;
			files = (
				929ACE6D2BDC4B6E00190D4F /* Colors.xcassets in Resources */,
				929ACE602BDC2AB400190D4F /* LaunchScreen.storyboard in Resources */,
				929ACE5D2BDC2AB400190D4F /* Assets.xcassets in Resources */,
			);
			runOnlyForDeploymentPostprocessing = 0;
		};
/* End PBXResourcesBuildPhase section */

/* Begin PBXSourcesBuildPhase section */
		929ACE4C2BDC2AB100190D4F /* Sources */ = {
			isa = PBXSourcesBuildPhase;
			buildActionMask = 2147483647;
			files = (
				929ACE682BDC2B8700190D4F /* BoxView.swift in Sources */,
				929ACE762BDC5A5D00190D4F /* UIImage.swift in Sources */,
				929ACE7B2BDC5F2400190D4F /* FontBuilder.swift in Sources */,
				929ACE6F2BDC4CD000190D4F /* UIColor.swift in Sources */,
				929ACE582BDC2AB100190D4F /* BoxViewController.swift in Sources */,
				929ACE742BDC552A00190D4F /* UIView.swift in Sources */,
				929ACE542BDC2AB100190D4F /* AppDelegate.swift in Sources */,
				929ACE562BDC2AB100190D4F /* SceneDelegate.swift in Sources */,
				929ACE6B2BDC49CA00190D4F /* Double.swift in Sources */,
			);
			runOnlyForDeploymentPostprocessing = 0;
		};
/* End PBXSourcesBuildPhase section */

/* Begin PBXVariantGroup section */
		929ACE5E2BDC2AB400190D4F /* LaunchScreen.storyboard */ = {
			isa = PBXVariantGroup;
			children = (
				929ACE5F2BDC2AB400190D4F /* Base */,
			);
			name = LaunchScreen.storyboard;
			sourceTree = "<group>";
		};
/* End PBXVariantGroup section */

/* Begin XCBuildConfiguration section */
		929ACE622BDC2AB400190D4F /* Debug */ = {
			isa = XCBuildConfiguration;
			buildSettings = {
				ALWAYS_SEARCH_USER_PATHS = NO;
				ASSETCATALOG_COMPILER_GENERATE_SWIFT_ASSET_SYMBOL_EXTENSIONS = YES;
				CLANG_ANALYZER_NONNULL = YES;
				CLANG_ANALYZER_NUMBER_OBJECT_CONVERSION = YES_AGGRESSIVE;
				CLANG_CXX_LANGUAGE_STANDARD = "gnu++20";
				CLANG_ENABLE_MODULES = YES;
				CLANG_ENABLE_OBJC_ARC = YES;
				CLANG_ENABLE_OBJC_WEAK = YES;
				CLANG_WARN_BLOCK_CAPTURE_AUTORELEASING = YES;
				CLANG_WARN_BOOL_CONVERSION = YES;
				CLANG_WARN_COMMA = YES;
				CLANG_WARN_CONSTANT_CONVERSION = YES;
				CLANG_WARN_DEPRECATED_OBJC_IMPLEMENTATIONS = YES;
				CLANG_WARN_DIRECT_OBJC_ISA_USAGE = YES_ERROR;
				CLANG_WARN_DOCUMENTATION_COMMENTS = YES;
				CLANG_WARN_EMPTY_BODY = YES;
				CLANG_WARN_ENUM_CONVERSION = YES;
				CLANG_WARN_INFINITE_RECURSION = YES;
				CLANG_WARN_INT_CONVERSION = YES;
				CLANG_WARN_NON_LITERAL_NULL_CONVERSION = YES;
				CLANG_WARN_OBJC_IMPLICIT_RETAIN_SELF = YES;
				CLANG_WARN_OBJC_LITERAL_CONVERSION = YES;
				CLANG_WARN_OBJC_ROOT_CLASS = YES_ERROR;
				CLANG_WARN_QUOTED_INCLUDE_IN_FRAMEWORK_HEADER = YES;
				CLANG_WARN_RANGE_LOOP_ANALYSIS = YES;
				CLANG_WARN_STRICT_PROTOTYPES = YES;
				CLANG_WARN_SUSPICIOUS_MOVE = YES;
				CLANG_WARN_UNGUARDED_AVAILABILITY = YES_AGGRESSIVE;
				CLANG_WARN_UNREACHABLE_CODE = YES;
				CLANG_WARN__DUPLICATE_METHOD_MATCH = YES;
				COPY_PHASE_STRIP = NO;
				DEBUG_INFORMATION_FORMAT = dwarf;
				ENABLE_STRICT_OBJC_MSGSEND = YES;
				ENABLE_TESTABILITY = YES;
				ENABLE_USER_SCRIPT_SANDBOXING = YES;
				GCC_C_LANGUAGE_STANDARD = gnu17;
				GCC_DYNAMIC_NO_PIC = NO;
				GCC_NO_COMMON_BLOCKS = YES;
				GCC_OPTIMIZATION_LEVEL = 0;
				GCC_PREPROCESSOR_DEFINITIONS = (
					"DEBUG=1",
					"$(inherited)",
				);
				GCC_WARN_64_TO_32_BIT_CONVERSION = YES;
				GCC_WARN_ABOUT_RETURN_TYPE = YES_ERROR;
				GCC_WARN_UNDECLARED_SELECTOR = YES;
				GCC_WARN_UNINITIALIZED_AUTOS = YES_AGGRESSIVE;
				GCC_WARN_UNUSED_FUNCTION = YES;
				GCC_WARN_UNUSED_VARIABLE = YES;
				IPHONEOS_DEPLOYMENT_TARGET = 17.2;
				LOCALIZATION_PREFERS_STRING_CATALOGS = YES;
				MTL_ENABLE_DEBUG_INFO = INCLUDE_SOURCE;
				MTL_FAST_MATH = YES;
				ONLY_ACTIVE_ARCH = YES;
				SDKROOT = iphoneos;
				SWIFT_ACTIVE_COMPILATION_CONDITIONS = "DEBUG $(inherited)";
				SWIFT_OPTIMIZATION_LEVEL = "-Onone";
			};
			name = Debug;
		};
		929ACE632BDC2AB400190D4F /* Release */ = {
			isa = XCBuildConfiguration;
			buildSettings = {
				ALWAYS_SEARCH_USER_PATHS = NO;
				ASSETCATALOG_COMPILER_GENERATE_SWIFT_ASSET_SYMBOL_EXTENSIONS = YES;
				CLANG_ANALYZER_NONNULL = YES;
				CLANG_ANALYZER_NUMBER_OBJECT_CONVERSION = YES_AGGRESSIVE;
				CLANG_CXX_LANGUAGE_STANDARD = "gnu++20";
				CLANG_ENABLE_MODULES = YES;
				CLANG_ENABLE_OBJC_ARC = YES;
				CLANG_ENABLE_OBJC_WEAK = YES;
				CLANG_WARN_BLOCK_CAPTURE_AUTORELEASING = YES;
				CLANG_WARN_BOOL_CONVERSION = YES;
				CLANG_WARN_COMMA = YES;
				CLANG_WARN_CONSTANT_CONVERSION = YES;
				CLANG_WARN_DEPRECATED_OBJC_IMPLEMENTATIONS = YES;
				CLANG_WARN_DIRECT_OBJC_ISA_USAGE = YES_ERROR;
				CLANG_WARN_DOCUMENTATION_COMMENTS = YES;
				CLANG_WARN_EMPTY_BODY = YES;
				CLANG_WARN_ENUM_CONVERSION = YES;
				CLANG_WARN_INFINITE_RECURSION = YES;
				CLANG_WARN_INT_CONVERSION = YES;
				CLANG_WARN_NON_LITERAL_NULL_CONVERSION = YES;
				CLANG_WARN_OBJC_IMPLICIT_RETAIN_SELF = YES;
				CLANG_WARN_OBJC_LITERAL_CONVERSION = YES;
				CLANG_WARN_OBJC_ROOT_CLASS = YES_ERROR;
				CLANG_WARN_QUOTED_INCLUDE_IN_FRAMEWORK_HEADER = YES;
				CLANG_WARN_RANGE_LOOP_ANALYSIS = YES;
				CLANG_WARN_STRICT_PROTOTYPES = YES;
				CLANG_WARN_SUSPICIOUS_MOVE = YES;
				CLANG_WARN_UNGUARDED_AVAILABILITY = YES_AGGRESSIVE;
				CLANG_WARN_UNREACHABLE_CODE = YES;
				CLANG_WARN__DUPLICATE_METHOD_MATCH = YES;
				COPY_PHASE_STRIP = NO;
				DEBUG_INFORMATION_FORMAT = "dwarf-with-dsym";
				ENABLE_NS_ASSERTIONS = NO;
				ENABLE_STRICT_OBJC_MSGSEND = YES;
				ENABLE_USER_SCRIPT_SANDBOXING = YES;
				GCC_C_LANGUAGE_STANDARD = gnu17;
				GCC_NO_COMMON_BLOCKS = YES;
				GCC_WARN_64_TO_32_BIT_CONVERSION = YES;
				GCC_WARN_ABOUT_RETURN_TYPE = YES_ERROR;
				GCC_WARN_UNDECLARED_SELECTOR = YES;
				GCC_WARN_UNINITIALIZED_AUTOS = YES_AGGRESSIVE;
				GCC_WARN_UNUSED_FUNCTION = YES;
				GCC_WARN_UNUSED_VARIABLE = YES;
				IPHONEOS_DEPLOYMENT_TARGET = 17.2;
				LOCALIZATION_PREFERS_STRING_CATALOGS = YES;
				MTL_ENABLE_DEBUG_INFO = NO;
				MTL_FAST_MATH = YES;
				SDKROOT = iphoneos;
				SWIFT_COMPILATION_MODE = wholemodule;
				VALIDATE_PRODUCT = YES;
			};
			name = Release;
		};
		929ACE652BDC2AB400190D4F /* Debug */ = {
			isa = XCBuildConfiguration;
			buildSettings = {
				ASSETCATALOG_COMPILER_APPICON_NAME = AppIcon;
				ASSETCATALOG_COMPILER_GLOBAL_ACCENT_COLOR_NAME = AccentColor;
				CODE_SIGN_STYLE = Automatic;
				CURRENT_PROJECT_VERSION = 1;
				DEVELOPMENT_TEAM = Y6G74A59K6;
				GENERATE_INFOPLIST_FILE = YES;
				INFOPLIST_FILE = "Animated Box/Info.plist";
				INFOPLIST_KEY_UIApplicationSupportsIndirectInputEvents = YES;
				INFOPLIST_KEY_UILaunchStoryboardName = LaunchScreen;
				INFOPLIST_KEY_UISupportedInterfaceOrientations_iPad = "UIInterfaceOrientationPortrait UIInterfaceOrientationPortraitUpsideDown UIInterfaceOrientationLandscapeLeft UIInterfaceOrientationLandscapeRight";
				INFOPLIST_KEY_UISupportedInterfaceOrientations_iPhone = "UIInterfaceOrientationPortrait UIInterfaceOrientationLandscapeLeft UIInterfaceOrientationLandscapeRight";
				IPHONEOS_DEPLOYMENT_TARGET = 17.2;
				LD_RUNPATH_SEARCH_PATHS = (
					"$(inherited)",
					"@executable_path/Frameworks",
				);
				MARKETING_VERSION = 1.0;
				PRODUCT_BUNDLE_IDENTIFIER = "ru.denis.anibox.Animated-Box";
				PRODUCT_NAME = "$(TARGET_NAME)";
				SWIFT_EMIT_LOC_STRINGS = YES;
				SWIFT_VERSION = 5.0;
				TARGETED_DEVICE_FAMILY = "1,2";
			};
			name = Debug;
		};
		929ACE662BDC2AB400190D4F /* Release */ = {
			isa = XCBuildConfiguration;
			buildSettings = {
				ASSETCATALOG_COMPILER_APPICON_NAME = AppIcon;
				ASSETCATALOG_COMPILER_GLOBAL_ACCENT_COLOR_NAME = AccentColor;
				CODE_SIGN_STYLE = Automatic;
				CURRENT_PROJECT_VERSION = 1;
				DEVELOPMENT_TEAM = Y6G74A59K6;
				GENERATE_INFOPLIST_FILE = YES;
				INFOPLIST_FILE = "Animated Box/Info.plist";
				INFOPLIST_KEY_UIApplicationSupportsIndirectInputEvents = YES;
				INFOPLIST_KEY_UILaunchStoryboardName = LaunchScreen;
				INFOPLIST_KEY_UISupportedInterfaceOrientations_iPad = "UIInterfaceOrientationPortrait UIInterfaceOrientationPortraitUpsideDown UIInterfaceOrientationLandscapeLeft UIInterfaceOrientationLandscapeRight";
				INFOPLIST_KEY_UISupportedInterfaceOrientations_iPhone = "UIInterfaceOrientationPortrait UIInterfaceOrientationLandscapeLeft UIInterfaceOrientationLandscapeRight";
				IPHONEOS_DEPLOYMENT_TARGET = 17.2;
				LD_RUNPATH_SEARCH_PATHS = (
					"$(inherited)",
					"@executable_path/Frameworks",
				);
				MARKETING_VERSION = 1.0;
				PRODUCT_BUNDLE_IDENTIFIER = "ru.denis.anibox.Animated-Box";
				PRODUCT_NAME = "$(TARGET_NAME)";
				SWIFT_EMIT_LOC_STRINGS = YES;
				SWIFT_VERSION = 5.0;
				TARGETED_DEVICE_FAMILY = "1,2";
			};
			name = Release;
		};
/* End XCBuildConfiguration section */

/* Begin XCConfigurationList section */
		929ACE4B2BDC2AB100190D4F /* Build configuration list for PBXProject "Animated Box" */ = {
			isa = XCConfigurationList;
			buildConfigurations = (
				929ACE622BDC2AB400190D4F /* Debug */,
				929ACE632BDC2AB400190D4F /* Release */,
			);
			defaultConfigurationIsVisible = 0;
			defaultConfigurationName = Release;
		};
		929ACE642BDC2AB400190D4F /* Build configuration list for PBXNativeTarget "Animated Box" */ = {
			isa = XCConfigurationList;
			buildConfigurations = (
				929ACE652BDC2AB400190D4F /* Debug */,
				929ACE662BDC2AB400190D4F /* Release */,
			);
			defaultConfigurationIsVisible = 0;
			defaultConfigurationName = Release;
		};
/* End XCConfigurationList section */

/* Begin XCRemoteSwiftPackageReference section */
		929ACE702BDC4E8F00190D4F /* XCRemoteSwiftPackageReference "PinLayout" */ = {
			isa = XCRemoteSwiftPackageReference;
			repositoryURL = "https://github.com/layoutBox/PinLayout.git";
			requirement = {
				kind = upToNextMajorVersion;
				minimumVersion = 1.10.5;
			};
		};
/* End XCRemoteSwiftPackageReference section */

/* Begin XCSwiftPackageProductDependency section */
		929ACE712BDC4E8F00190D4F /* PinLayout */ = {
			isa = XCSwiftPackageProductDependency;
			package = 929ACE702BDC4E8F00190D4F /* XCRemoteSwiftPackageReference "PinLayout" */;
			productName = PinLayout;
		};
/* End XCSwiftPackageProductDependency section */
	};
	rootObject = 929ACE482BDC2AB100190D4F /* Project object */;
}
